
Microsoft Visual Studio Solution File, Format Version 12.00
# Visual Studio 15
VisualStudioVersion = 15.0.26730.3
MinimumVisualStudioVersion = 10.0.40219.1
Project("{FAE04EC0-301F-11D3-BF4B-00C04F79EFBC}") = "SolutionCreation", "Tests\SolutionCreation\SolutionCreation.csproj", "{981F9BA7-55AC-47C3-9426-8ACB32C8E86A}"
EndProject
Project("{FAE04EC0-301F-11D3-BF4B-00C04F79EFBC}") = "MaskedPuzzleGeneration", "Tests\PuzzleGeneration\MaskedPuzzleGeneration.csproj", "{9F8FB1DE-C0F5-49F3-829C-9F7EA0EAF1FC}"
EndProject
Project("{9A19103F-16F7-4668-BE54-9A1E7A4F7556}") = "PreCompute", "Util\PreCompute\PreCompute.csproj", "{1FE0CF95-FE5E-43F7-8953-CD6A577B4B55}"
EndProject
Project("{2150E333-8FDC-42A3-9474-1A3956D46DE8}") = "Timing Tests", "Timing Tests", "{2B6E0325-2F5A-47CC-86CB-CA01A178B134}"
EndProject
Project("{2150E333-8FDC-42A3-9474-1A3956D46DE8}") = "Util", "Util", "{DD1CE473-0768-437C-9D2D-91B538C98457}"
EndProject
Project("{9A19103F-16F7-4668-BE54-9A1E7A4F7556}") = "SudokuSharp", "SudokuSharp\SudokuSharp.csproj", "{1849F561-5AD0-4A20-890A-F44192779052}"
EndProject
Project("{FAE04EC0-301F-11D3-BF4B-00C04F79EFBC}") = "Shuffling", "Tests\Shuffling\Shuffling.csproj", "{F7655DD7-089B-4B2E-8D52-7DD1C4446E75}"
EndProject
Global
	GlobalSection(SolutionConfigurationPlatforms) = preSolution
		Debug|Any CPU = Debug|Any CPU
		Release|Any CPU = Release|Any CPU
	EndGlobalSection
	GlobalSection(ProjectConfigurationPlatforms) = postSolution
		{981F9BA7-55AC-47C3-9426-8ACB32C8E86A}.Debug|Any CPU.ActiveCfg = Debug|Any CPU
		{981F9BA7-55AC-47C3-9426-8ACB32C8E86A}.Debug|Any CPU.Build.0 = Debug|Any CPU
		{981F9BA7-55AC-47C3-9426-8ACB32C8E86A}.Release|Any CPU.ActiveCfg = Release|Any CPU
		{981F9BA7-55AC-47C3-9426-8ACB32C8E86A}.Release|Any CPU.Build.0 = Release|Any CPU
		{9F8FB1DE-C0F5-49F3-829C-9F7EA0EAF1FC}.Debug|Any CPU.ActiveCfg = Debug|Any CPU
		{9F8FB1DE-C0F5-49F3-829C-9F7EA0EAF1FC}.Debug|Any CPU.Build.0 = Debug|Any CPU
		{9F8FB1DE-C0F5-49F3-829C-9F7EA0EAF1FC}.Release|Any CPU.ActiveCfg = Release|Any CPU
		{9F8FB1DE-C0F5-49F3-829C-9F7EA0EAF1FC}.Release|Any CPU.Build.0 = Release|Any CPU
		{1FE0CF95-FE5E-43F7-8953-CD6A577B4B55}.Debug|Any CPU.ActiveCfg = Debug|Any CPU
		{1FE0CF95-FE5E-43F7-8953-CD6A577B4B55}.Debug|Any CPU.Build.0 = Debug|Any CPU
		{1FE0CF95-FE5E-43F7-8953-CD6A577B4B55}.Release|Any CPU.ActiveCfg = Release|Any CPU
		{1FE0CF95-FE5E-43F7-8953-CD6A577B4B55}.Release|Any CPU.Build.0 = Release|Any CPU
		{1849F561-5AD0-4A20-890A-F44192779052}.Debug|Any CPU.ActiveCfg = Debug|Any CPU
		{1849F561-5AD0-4A20-890A-F44192779052}.Debug|Any CPU.Build.0 = Debug|Any CPU
		{1849F561-5AD0-4A20-890A-F44192779052}.Release|Any CPU.ActiveCfg = Release|Any CPU
		{1849F561-5AD0-4A20-890A-F44192779052}.Release|Any CPU.Build.0 = Release|Any CPU
		{F7655DD7-089B-4B2E-8D52-7DD1C4446E75}.Debug|Any CPU.ActiveCfg = Debug|Any CPU
		{F7655DD7-089B-4B2E-8D52-7DD1C4446E75}.Debug|Any CPU.Build.0 = Debug|Any CPU
		{F7655DD7-089B-4B2E-8D52-7DD1C4446E75}.Release|Any CPU.ActiveCfg = Release|Any CPU
		{F7655DD7-089B-4B2E-8D52-7DD1C4446E75}.Release|Any CPU.Build.0 = Release|Any CPU
	EndGlobalSection
	GlobalSection(SolutionProperties) = preSolution
		HideSolutionNode = FALSE
	EndGlobalSection
	GlobalSection(NestedProjects) = preSolution
		{981F9BA7-55AC-47C3-9426-8ACB32C8E86A} = {2B6E0325-2F5A-47CC-86CB-CA01A178B134}
		{9F8FB1DE-C0F5-49F3-829C-9F7EA0EAF1FC} = {2B6E0325-2F5A-47CC-86CB-CA01A178B134}
		{1FE0CF95-FE5E-43F7-8953-CD6A577B4B55} = {DD1CE473-0768-437C-9D2D-91B538C98457}
		{F7655DD7-089B-4B2E-8D52-7DD1C4446E75} = {2B6E0325-2F5A-47CC-86CB-CA01A178B134}
	EndGlobalSection
	GlobalSection(ExtensibilityGlobals) = postSolution
		SolutionGuid = {163E51EC-8486-476E-8177-39464947FD70}
	EndGlobalSection
EndGlobal
